<?xml version="1.0" encoding="utf-8"?>
<Project ToolsVersion="4.0" xmlns="http://schemas.microsoft.com/developer/msbuild/2003">
  <ItemGroup>
    <Filter Include="Resource">
      <UniqueIdentifier>{4FC737F1-C7A5-4376-A066-2A32D752A2FF}</UniqueIdentifier>
      <Extensions>cpp;c;cc;cxx;c++;cppm;ixx;def;odl;idl;hpj;bat;asm;asmx</Extensions>
    </Filter>
    <Filter Include="Source">
      <UniqueIdentifier>{92a9ba9e-b797-4b9f-a07d-40dfbbe63647}</UniqueIdentifier>
    </Filter>
    <Filter Include="Source\Private">
      <UniqueIdentifier>{67DA6AB6-F800-4c08-8B7A-83BB121AAD01}</UniqueIdentifier>
      <Extensions>rc;ico;cur;bmp;dlg;rc2;rct;bin;rgs;gif;jpg;jpeg;jpe;resx;tiff;tif;png;wav;mfcribbon-ms</Extensions>
    </Filter>
    <Filter Include="Source\Public">
      <UniqueIdentifier>{93995380-89BD-4b04-88EB-625FBE52EBFB}</UniqueIdentifier>
      <Extensions>h;hh;hpp;hxx;h++;hm;inl;inc;ipp;xsd</Extensions>
    </Filter>
    <Filter Include="Source\pch">
      <UniqueIdentifier>{080eca21-6647-4871-a357-96da898c7746}</UniqueIdentifier>
    </Filter>
    <Filter Include="Source\Private\Platform">
      <UniqueIdentifier>{7efbaf20-a535-46da-bc94-971d6a185918}</UniqueIdentifier>
    </Filter>
    <Filter Include="Source\Private\Platform\WIN32">
      <UniqueIdentifier>{d1c9f31b-5b8d-48e5-8471-2603bcd1be42}</UniqueIdentifier>
    </Filter>
    <Filter Include="Source\Public\Platform">
      <UniqueIdentifier>{dc20c45c-db42-4288-8040-e296027d62f5}</UniqueIdentifier>
    </Filter>
    <Filter Include="Source\Public\Platform\WIN32">
      <UniqueIdentifier>{9879ce29-1380-46bd-b47c-fca6feaceba8}</UniqueIdentifier>
    </Filter>
    <Filter Include="Source\Private\Common">
      <UniqueIdentifier>{1d5431ba-318d-4de0-8f62-7b840321ac4c}</UniqueIdentifier>
    </Filter>
    <Filter Include="Source\Private\Core">
      <UniqueIdentifier>{5af71f78-8d5f-4d0d-b0ab-a29887a263cb}</UniqueIdentifier>
    </Filter>
    <Filter Include="Source\Public\Common">
      <UniqueIdentifier>{042aebf7-af02-4d95-bb4a-3abef3f34d90}</UniqueIdentifier>
    </Filter>
    <Filter Include="Source\Public\Core">
      <UniqueIdentifier>{2f947558-d94d-4c51-91a7-3848c1aa9b3b}</UniqueIdentifier>
    </Filter>
  </ItemGroup>
  <ItemGroup>
    <ClCompile Include="Source\Olympus.cpp">
      <Filter>Source\pch</Filter>
    </ClCompile>
    <ClCompile Include="Source\Platform\WIN32\IApplication.cpp">
      <Filter>Source\Private\Platform\WIN32</Filter>
    </ClCompile>
    <ClCompile Include="Source\Common\Logger.cpp">
      <Filter>Source\Private\Common</Filter>
    </ClCompile>
    <ClCompile Include="Source\Core\PerGameSettings.cpp">
      <Filter>Source\Private\Core</Filter>
    </ClCompile>
    <ClCompile Include="Source\Common\Time.cpp">
      <Filter>Source\Private\Common</Filter>
    </ClCompile>
  </ItemGroup>
  <ItemGroup>
    <ClInclude Include="Source\Olympus.h">
      <Filter>Source\pch</Filter>
    </ClInclude>
    <ClInclude Include="Source\Platform\WIN32\WinEntry.h">
      <Filter>Source\Public\Platform\WIN32</Filter>
    </ClInclude>
    <ClInclude Include="Source\Platform\WIN32\IApplication.h">
      <Filter>Source\Public\Platform\WIN32</Filter>
    </ClInclude>
    <ClInclude Include="Source\Core\PerGameSettings.h">
      <Filter>Source\Public\Core</Filter>
    </ClInclude>
    <ClInclude Include="Source\Common\Logger.h">
      <Filter>Source\Public\Common</Filter>
    </ClInclude>
    <ClInclude Include="Source\Common\Time.h">
      <Filter>Source\Public\Common</Filter>
    </ClInclude>
  </ItemGroup>
</Project>